
Microsoft Visual Studio Solution File, Format Version 12.00
# Visual Studio Version 16
VisualStudioVersion = 16.0.31515.178
MinimumVisualStudioVersion = 10.0.40219.1
Project("{FAE04EC0-301F-11D3-BF4B-00C04F79EFBC}") = "TrabajoConLINQ", "TrabajoConLINQ\TrabajoConLINQ.csproj", "{B9E88D26-92FB-4E74-BB3D-2CD8E65796DE}"
EndProject
Global
	GlobalSection(SolutionConfigurationPlatforms) = preSolution
		Debug|Any CPU = Debug|Any CPU
		Release|Any CPU = Release|Any CPU
	EndGlobalSection
	GlobalSection(ProjectConfigurationPlatforms) = postSolution
		{B9E88D26-92FB-4E74-BB3D-2CD8E65796DE}.Debug|Any CPU.ActiveCfg = Debug|Any CPU
		{B9E88D26-92FB-4E74-BB3D-2CD8E65796DE}.Debug|Any CPU.Build.0 = Debug|Any CPU
		{B9E88D26-92FB-4E74-BB3D-2CD8E65796DE}.Release|Any CPU.ActiveCfg = Release|Any CPU
		{B9E88D26-92FB-4E74-BB3D-2CD8E65796DE}.Release|Any CPU.Build.0 = Release|Any CPU
	EndGlobalSection
	GlobalSection(SolutionProperties) = preSolution
		HideSolutionNode = FALSE
	EndGlobalSection
	GlobalSection(ExtensibilityGlobals) = postSolution
		SolutionGuid = {9E2501C2-FF16-4277-99F0-85C7EB094639}
	EndGlobalSection
EndGlobal
